
Microsoft Visual Studio Solution File, Format Version 12.00
# Visual Studio 15
Project("{FAE04EC0-301F-11D3-BF4B-00C04F79EFBC}") = "RTS", "RTS.csproj", "{43BFF65B-6EA2-7296-93A7-C2F516C97C86}"
EndProject
Project("{FAE04EC0-301F-11D3-BF4B-00C04F79EFBC}") = "RTS.Tests", "RTS.Tests.csproj", "{A7C286C4-EA0F-EFD8-2FF6-54C03FAF8E77}"
EndProject
Project("{2150E333-8FDC-42A3-9474-1A3956D46DE8}") = "Solution Items", "Solution Items", "{30B3B765-940C-45BB-9432-A8075A7601B1}"
	ProjectSection(SolutionItems) = preProject
		.editorconfig = .editorconfig
	EndProjectSection
EndProject
Global
	GlobalSection(SolutionConfigurationPlatforms) = preSolution
		Debug|Any CPU = Debug|Any CPU
		Release|Any CPU = Release|Any CPU
	EndGlobalSection
	GlobalSection(ProjectConfigurationPlatforms) = postSolution
		{43BFF65B-6EA2-7296-93A7-C2F516C97C86}.Debug|Any CPU.ActiveCfg = Debug|Any CPU
		{43BFF65B-6EA2-7296-93A7-C2F516C97C86}.Debug|Any CPU.Build.0 = Debug|Any CPU
		{43BFF65B-6EA2-7296-93A7-C2F516C97C86}.Release|Any CPU.ActiveCfg = Release|Any CPU
		{43BFF65B-6EA2-7296-93A7-C2F516C97C86}.Release|Any CPU.Build.0 = Release|Any CPU
		{A7C286C4-EA0F-EFD8-2FF6-54C03FAF8E77}.Debug|Any CPU.ActiveCfg = Debug|Any CPU
		{A7C286C4-EA0F-EFD8-2FF6-54C03FAF8E77}.Debug|Any CPU.Build.0 = Debug|Any CPU
		{A7C286C4-EA0F-EFD8-2FF6-54C03FAF8E77}.Release|Any CPU.ActiveCfg = Release|Any CPU
		{A7C286C4-EA0F-EFD8-2FF6-54C03FAF8E77}.Release|Any CPU.Build.0 = Release|Any CPU
	EndGlobalSection
	GlobalSection(SolutionProperties) = preSolution
		HideSolutionNode = FALSE
	EndGlobalSection
EndGlobal
